{
  "name": "snowflake-api",
  "version": "1.2.0",
  "lockfileVersion": 1,
  "requires": true,
  "dependencies": {
    "jsdoc-skyceil": {
      "version": "1.0.6",
      "resolved": "https://registry.npmjs.org/jsdoc-skyceil/-/jsdoc-skyceil-1.0.6.tgz",
      "integrity": "sha512-MpzxbMvw/LpvPpcrRipcOZjQQ6/kAWlbIRVnjro2XaTfYfRfkwZIzL+KTEB+ROE27wJMCGgu+5Yncglhn9fSXg=="
    }
  }
}
